{
  "version": "2",
  "remote": {
    "https://deno.land/std@0.165.0/_util/asserts.ts": "d0844e9b62510f89ce1f9878b046f6a57bf88f208a10304aab50efcb48365272",
    "https://deno.land/std@0.165.0/_util/os.ts": "8a33345f74990e627b9dfe2de9b040004b08ea5146c7c9e8fe9a29070d193934",
    "https://deno.land/std@0.165.0/dotenv/mod.ts": "b149416f0daa0361873097495d16adbb321b8bcb594dcc5cdb6bf9639fd173fd",
    "https://deno.land/std@0.165.0/dotenv/util.ts": "6cc392f087577a26a27f0463f77cc0c31a390aa055917099935b36eb2454592d",
    "https://deno.land/std@0.165.0/path/_constants.ts": "df1db3ffa6dd6d1252cc9617e5d72165cd2483df90e93833e13580687b6083c3",
    "https://deno.land/std@0.165.0/path/_interface.ts": "ee3b431a336b80cf445441109d089b70d87d5e248f4f90ff906820889ecf8d09",
    "https://deno.land/std@0.165.0/path/_util.ts": "d16be2a16e1204b65f9d0dfc54a9bc472cafe5f4a190b3c8471ec2016ccd1677",
    "https://deno.land/std@0.165.0/path/common.ts": "bee563630abd2d97f99d83c96c2fa0cca7cee103e8cb4e7699ec4d5db7bd2633",
    "https://deno.land/std@0.165.0/path/glob.ts": "cb5255638de1048973c3e69e420c77dc04f75755524cb3b2e160fe9277d939ee",
    "https://deno.land/std@0.165.0/path/mod.ts": "56fec03ad0ebd61b6ab39ddb9b0ddb4c4a5c9f2f4f632e09dd37ec9ebfd722ac",
    "https://deno.land/std@0.165.0/path/posix.ts": "6b63de7097e68c8663c84ccedc0fd977656eb134432d818ecd3a4e122638ac24",
    "https://deno.land/std@0.165.0/path/separator.ts": "fe1816cb765a8068afb3e8f13ad272351c85cbc739af56dacfc7d93d710fe0f9",
    "https://deno.land/std@0.165.0/path/win32.ts": "7cebd2bda6657371adc00061a1d23fdd87bcdf64b4843bb148b0b24c11b40f69",
    "https://deno.land/std@0.181.0/_util/asserts.ts": "178dfc49a464aee693a7e285567b3d0b555dc805ff490505a8aae34f9cfb1462",
    "https://deno.land/std@0.181.0/_util/os.ts": "d932f56d41e4f6a6093d56044e29ce637f8dcc43c5a90af43504a889cf1775e3",
    "https://deno.land/std@0.181.0/fmt/colors.ts": "d67e3cd9f472535241a8e410d33423980bec45047e343577554d3356e1f0ef4e",
    "https://deno.land/std@0.181.0/fs/_util.ts": "65381f341af1ff7f40198cee15c20f59951ac26e51ddc651c5293e24f9ce6f32",
    "https://deno.land/std@0.181.0/fs/copy.ts": "14214efd94fc3aa6db1e4af2b4b9578e50f7362b7f3725d5a14ad259a5df26c8",
    "https://deno.land/std@0.181.0/fs/empty_dir.ts": "c3d2da4c7352fab1cf144a1ecfef58090769e8af633678e0f3fabaef98594688",
    "https://deno.land/std@0.181.0/fs/ensure_dir.ts": "dc64c4c75c64721d4e3fb681f1382f803ff3d2868f08563ff923fdd20d071c40",
    "https://deno.land/std@0.181.0/fs/ensure_file.ts": "c38602670bfaf259d86ca824a94e6cb9e5eb73757fefa4ebf43a90dd017d53d9",
    "https://deno.land/std@0.181.0/fs/ensure_link.ts": "c0f5b2f0ec094ed52b9128eccb1ee23362a617457aa0f699b145d4883f5b2fb4",
    "https://deno.land/std@0.181.0/fs/ensure_symlink.ts": "5006ab2f458159c56d689b53b1e48d57e05eeb1eaf64e677f7f76a30bc4fdba1",
    "https://deno.land/std@0.181.0/fs/eol.ts": "f1f2eb348a750c34500741987b21d65607f352cf7205f48f4319d417fff42842",
    "https://deno.land/std@0.181.0/fs/exists.ts": "b8c8a457b71e9d7f29b9d2f87aad8dba2739cbe637e8926d6ba6e92567875f8e",
    "https://deno.land/std@0.181.0/fs/expand_glob.ts": "e4f56259a0a70fe23f05215b00de3ac5e6ba46646ab2a06ebbe9b010f81c972a",
    "https://deno.land/std@0.181.0/fs/mod.ts": "bc3d0acd488cc7b42627044caf47d72019846d459279544e1934418955ba4898",
    "https://deno.land/std@0.181.0/fs/move.ts": "4cb47f880e3f0582c55e71c9f8b1e5e8cfaacb5e84f7390781dd563b7298ec19",
    "https://deno.land/std@0.181.0/fs/walk.ts": "ea95ffa6500c1eda6b365be488c056edc7c883a1db41ef46ec3bf057b1c0fe32",
    "https://deno.land/std@0.181.0/path/_constants.ts": "e49961f6f4f48039c0dfed3c3f93e963ca3d92791c9d478ac5b43183413136e0",
    "https://deno.land/std@0.181.0/path/_interface.ts": "6471159dfbbc357e03882c2266d21ef9afdb1e4aa771b0545e90db58a0ba314b",
    "https://deno.land/std@0.181.0/path/_util.ts": "d7abb1e0dea065f427b89156e28cdeb32b045870acdf865833ba808a73b576d0",
    "https://deno.land/std@0.181.0/path/common.ts": "ee7505ab01fd22de3963b64e46cff31f40de34f9f8de1fff6a1bd2fe79380000",
    "https://deno.land/std@0.181.0/path/glob.ts": "d479e0a695621c94d3fd7fe7abd4f9499caf32a8de13f25073451c6ef420a4e1",
    "https://deno.land/std@0.181.0/path/mod.ts": "bf718f19a4fdd545aee1b06409ca0805bd1b68ecf876605ce632e932fe54510c",
    "https://deno.land/std@0.181.0/path/posix.ts": "8b7c67ac338714b30c816079303d0285dd24af6b284f7ad63da5b27372a2c94d",
    "https://deno.land/std@0.181.0/path/separator.ts": "0fb679739d0d1d7bf45b68dacfb4ec7563597a902edbaf3c59b50d5bcadd93b1",
    "https://deno.land/std@0.181.0/path/win32.ts": "d186344e5583bcbf8b18af416d13d82b35a317116e6460a5a3953508c3de5bba",
    "https://deno.land/std@0.181.0/testing/_diff.ts": "1a3c044aedf77647d6cac86b798c6417603361b66b54c53331b312caeb447aea",
    "https://deno.land/std@0.181.0/testing/_format.ts": "a69126e8a469009adf4cf2a50af889aca364c349797e63174884a52ff75cf4c7",
    "https://deno.land/std@0.181.0/testing/_test_suite.ts": "30f018feeb3835f12ab198d8a518f9089b1bcb2e8c838a8b615ab10d5005465c",
    "https://deno.land/std@0.181.0/testing/asserts.ts": "e16d98b4d73ffc4ed498d717307a12500ae4f2cbe668f1a215632d19fcffc22f",
    "https://deno.land/std@0.181.0/testing/bdd.ts": "c5ca6d85940dbcc19b4d2bc3608d49ab65d81470aa91306d5efa4b0d5c945731",
    "https://deno.land/std@0.181.0/testing/mock.ts": "220ed9b8151cb2cac141043d4cfea7c47673fab5d18d1c1f0943297c8afb5d13",
    "https://deno.land/std@0.181.0/testing/snapshot.ts": "df277f1fc45da1b1274f1be339efb23cd5635fe98b8899be8de11b38a9be25cf",
    "https://deno.land/std@0.181.0/testing/types.ts": "6832887bea73ee3549dda953a8df41f8bfa8790219ab56a3b94b984a71a3b3e9",
    "https://esm.quack.id/@sinclair/typebox@0.24.41": "ef093329da01806abc9ada196e84c525b7c61efbc6406feab41ef2c45c2cf18f",
    "https://esm.quack.id/@sinclair/typebox@0.24.41/compiler": "39cd32e56d89a14698f74f95970e573d8faf7277f428ba4a551f28f12e6a6de8",
    "https://esm.quack.id/@sinclair/typebox@0.24.41/conditional": "64e8d675352d771a206847a5f5e76717be9977407b1df1a650916bf4a14b00dc",
    "https://esm.quack.id/@sinclair/typebox@0.24.41/guard": "1ed3d0e923d519297497f4e432db0e2a52ff4b532a20dcf25e3481d759e7cc39",
    "https://esm.quack.id/@sinclair/typebox@0.24.41/value": "0d0976279a329aa26a27bea5249f496b2fdad6dd860c791c70be0f3c33217b39",
    "https://esm.quack.id/v106/@sinclair/typebox@0.24.41/compiler/compiler.d.ts": "f7fcb6a847e3f84e1227f1a1aff3a6d31771cc005049207572568b8bb31e4161",
    "https://esm.quack.id/v106/@sinclair/typebox@0.24.41/compiler/index.d.ts": "4def888099d77ed15650a009292194480dddb6d72e90c2a78e917b94a2785905",
    "https://esm.quack.id/v106/@sinclair/typebox@0.24.41/conditional/conditional.d.ts": "61eb9193e0c65ff8327a344708c9c552ea2dbc8b0e9a97109f3f31fe5ee084fd",
    "https://esm.quack.id/v106/@sinclair/typebox@0.24.41/conditional/index.d.ts": "f77f295fd64a12b80e09a29bf51df827f19ec9b39715ecb9e9b3e0dcd91ac20d",
    "https://esm.quack.id/v106/@sinclair/typebox@0.24.41/conditional/structural.d.ts": "56eba45beedaf0f7bc824943641fe9ff6810e05fa7651d92f124f734a7caa3fa",
    "https://esm.quack.id/v106/@sinclair/typebox@0.24.41/deno/compiler.js": "b4d18ce5fb41daf98850e17d5d93860fcd99545c18245e17033caa6718492db9",
    "https://esm.quack.id/v106/@sinclair/typebox@0.24.41/deno/compiler/compiler.js": "d539ea8d5cdf864dffaa8b5fcbb51494ff03a2545cfffd19ac9f8a315c357ec1",
    "https://esm.quack.id/v106/@sinclair/typebox@0.24.41/deno/conditional.js": "e4cd03347a671b0e14772b250f3728efe53cd026ecc7b515380107adf3f2124e",
    "https://esm.quack.id/v106/@sinclair/typebox@0.24.41/deno/conditional/conditional.js": "a1b00a7c7169ce6750b7f4f225331654741d2cab9c7855b30c52731dc2dc57f5",
    "https://esm.quack.id/v106/@sinclair/typebox@0.24.41/deno/conditional/structural.js": "6943fa678975c59417b6d74f641a6fd9fde709de3818d780210d9b9224b684ad",
    "https://esm.quack.id/v106/@sinclair/typebox@0.24.41/deno/errors/errors.js": "4d77d1df64217ea6da8087c2d49192fad856a199d9fc5484194acc59e9aac80f",
    "https://esm.quack.id/v106/@sinclair/typebox@0.24.41/deno/errors/index.js": "97af365cb45f6c9d98a6c4537d6a0f68d7328d04bf37c25061b916a9396c4137",
    "https://esm.quack.id/v106/@sinclair/typebox@0.24.41/deno/format.js": "4ab77f6b4947c800a17ad6bcc0872a1fdd39e3e01f2a77fc6382ce506a2ba10b",
    "https://esm.quack.id/v106/@sinclair/typebox@0.24.41/deno/format/format.js": "c2eacf54d1c44308601e92481c9ca42b30fe39f43dfcb5fa9fe75dce9d2982ac",
    "https://esm.quack.id/v106/@sinclair/typebox@0.24.41/deno/format/index.js": "eb8c7383fe646ac790aaceec09528b4a475f808ddf8e4f3c325f0bec1677b16d",
    "https://esm.quack.id/v106/@sinclair/typebox@0.24.41/deno/guard.js": "7c1eefad4d356ba6e2690fc2f3c5479d29a6e8e15ba4670196a4de84e287c4cd",
    "https://esm.quack.id/v106/@sinclair/typebox@0.24.41/deno/guard/guard.js": "8496613f1482ba8044a0e389954864d731081edf23e4cb2b8573aef7ecbad52b",
    "https://esm.quack.id/v106/@sinclair/typebox@0.24.41/deno/guard/index.js": "f1f659c020620a8aa7bbf507cafaed74e4fedaa621eee1a8b06aec39f1e137a7",
    "https://esm.quack.id/v106/@sinclair/typebox@0.24.41/deno/typebox.js": "710f5e8c60ab80158d9725b7cb25fba0091ff33fac3f4f804c031bf3e26567f6",
    "https://esm.quack.id/v106/@sinclair/typebox@0.24.41/deno/value.js": "5daaf6c7999bf3eb6eb956f799f6d2394de57e319d4d86ab7306558e1bb24637",
    "https://esm.quack.id/v106/@sinclair/typebox@0.24.41/deno/value/cast.js": "a8aba9c5f9e178822beab85015de50ae895da31056a7681409b11abb6fbf196e",
    "https://esm.quack.id/v106/@sinclair/typebox@0.24.41/deno/value/check.js": "d5cb6270f10dfc4a7fc1d3e9463760cb5e2dba4d4a74a8cb4fe0b4cf38652db4",
    "https://esm.quack.id/v106/@sinclair/typebox@0.24.41/deno/value/clone.js": "b3615fbc812fd08f9c4932ff22429b7e8b5b5772123ea8e2f513da37a6302559",
    "https://esm.quack.id/v106/@sinclair/typebox@0.24.41/deno/value/create.js": "a3134d76d3b8ef8f72abc3049fa81d1654061fe43d6c123b2dbb44cb1bc86adc",
    "https://esm.quack.id/v106/@sinclair/typebox@0.24.41/deno/value/delta.js": "1d5f7faa8ae0958e0a195c623c465d0d463c7c49ef7a7a4aa499e12d0fffc1fb",
    "https://esm.quack.id/v106/@sinclair/typebox@0.24.41/deno/value/equal.js": "193b661436d60b35682d6a68ef30fda82d0443d7dbb8abb09e4f7fcc4122cf28",
    "https://esm.quack.id/v106/@sinclair/typebox@0.24.41/deno/value/is.js": "c9c8b43351fec94fce02442d2da4ab975e6b93e24f67048ad1e3eb18f756c157",
    "https://esm.quack.id/v106/@sinclair/typebox@0.24.41/deno/value/pointer.js": "dd3908980260ca57b9f5ca063bbb8aae460a8d86c0c41847c80c4282488ebe42",
    "https://esm.quack.id/v106/@sinclair/typebox@0.24.41/deno/value/value.js": "471bc5be0089b7f2ff77d0c8d81a3be3b7e43395fbc6695e3cc7f7899fa0fa88",
    "https://esm.quack.id/v106/@sinclair/typebox@0.24.41/errors/errors.d.ts": "f3f61d31d8364ca2887b561e7dacdce675ef5f266a31595509a1c3dc532ca3b0",
    "https://esm.quack.id/v106/@sinclair/typebox@0.24.41/errors/index.d.ts": "38d28fd16a853fbe7458f46bff1342cfa55c88395cb568c03b752d928090fdc0",
    "https://esm.quack.id/v106/@sinclair/typebox@0.24.41/guard/guard.d.ts": "a4d19daa75883676fb240ebcf57aba5522c87dd257712d0bfe02657404f667b4",
    "https://esm.quack.id/v106/@sinclair/typebox@0.24.41/guard/index.d.ts": "6fd849ef5831ebe5c10ee5f6653af48c45dffd8da21d79764ba250436f73b71b",
    "https://esm.quack.id/v106/@sinclair/typebox@0.24.41/typebox.d.ts": "57bcd616e8d5696cb56181f59eb8923ffe09111535eb5db2a18bfb723097c113",
    "https://esm.quack.id/v106/@sinclair/typebox@0.24.41/value/delta.d.ts": "7017becba465380fc97bc872dcf8673d6972fa554c59d4e39709c77a58ab2451",
    "https://esm.quack.id/v106/@sinclair/typebox@0.24.41/value/index.d.ts": "817cb578a1c0bc79ff9a77bcf024a1b036152ebd2afebce3a420fdf726fd5d5d",
    "https://esm.quack.id/v106/@sinclair/typebox@0.24.41/value/pointer.d.ts": "123a16767b9c17b1a7a8561e27329aee142bf118cec7445798af36e119386192",
    "https://esm.quack.id/v106/@sinclair/typebox@0.24.41/value/value.d.ts": "58c1aa6915891899c071b492a208b03637482413a8a34d7f0cbf44d29c55a93f",
    "https://x.curtis.land/cfg/deps.ts": "785b620ec22752e330cc4579faafadcb2dcbf4c8d29beb382fd04e7465868a85",
    "https://x.curtis.land/cfg/src/ci.ts": "ab973edde5615a4bee7b699d085ddd25a2f91eb88b29e973c1c86eddc1564faf",
    "https://x.curtis.land/cfg/src/dotenv.ts": "6f4ade9df5118a2112949e73fd40dc4e0b444c527f5133ffb57b5c095282e314",
    "https://x.curtis.land/cfg/src/env-keys.ts": "0d0ccf7fa8dfd0d7cfc91fcd79b235c00c6620f857d6e73c3a0425ea9fee260e",
    "https://x.curtis.land/cfg/src/env.ts": "2613672c2e6223912967d93d83e299119fa0194bf2d4ea9988d68d037b9f13bd",
    "https://x.curtis.land/core/colors.ts": "9e36a716611dcd2e4865adea9c4bec916b5c60caad4cdcdc630d4974e6bb8bd4",
    "https://x.curtis.land/core/debug.ts": "61cbcb4f648be7614a962f8c544466399653fb63f98785380b2af2850b3f4f52",
    "https://x.curtis.land/core/deps.ts": "49a9e8c6f4d6aebbd19a04ee50193f1277b0bbab224adaa0876009e5c7eaba45",
    "https://x.curtis.land/core/path.ts": "09e7a57770dcb5f33a8953e08629a646620e1ceb8e1669d6710c57adfc2f7603",
    "https://x.curtis.land/core/string-utils.ts": "1ec1c06bb0d74956d09ce4a3d4de6c489840329e5760dd521af983da5cead92e",
    "https://x.curtis.land/core/uid.ts": "758c7ff50b8712771c1b39fae2a01b15a273cbf05315ce003fd1526a4a0e4564",
    "https://x.curtis.land/guards/src/object.ts": "578d2961024bbc6a23f7ef21be57b3e4913707e35455fbd888f339dde777a33f",
    "https://x.curtis.land/json-schema/src/typebox.ts": "740ae409d7bdd6b56e76d0004bbe1cafcb46ca701108b92db01023ea8d2f3f93",
    "https://x.curtis.land/types/src/array.ts": "761dcb5be7636cc65bdfc87048e00853fc567864a616437ea9fea8b4f3f542b1",
    "https://x.curtis.land/types/src/conditionals.ts": "1c21fbb01c32adebf59ebb9393e626d4e98525a733fb13e425dd9c5d7c4445a5",
    "https://x.curtis.land/types/src/interpolate.ts": "6fa215e322a0180bc45c76e55b938016a0d60707de512b4d3dcbd94fd4628a08",
    "https://x.curtis.land/types/src/literal-union.ts": "56b5d564f32b61cc4c0471888e07d608195b13ecfa1dedc1bf04815db719134b",
    "https://x.curtis.land/types/src/replace.ts": "1ebeba8525de90de4810278a6abd453310c58e2d79b5114205655a01870e4490",
    "https://x.curtis.land/types/src/split.ts": "ad6179da090c92f6a0ba5f43444a86dc06940fce2c0ec28ba63d69e524d1799b",
    "https://x.curtis.land/types/src/string.ts": "ccb12404010234c1e6dd3a345556ba99d435dfe53639427aa6f25cf5a25811b8"
  }
}
